// !$*UTF8*$!
{
	archiveVersion = 1;
	classes = {
	};
	objectVersion = 56;
	objects = {

/* Begin PBXBuildFile section */
		6E1CC5822AA3CF1B0069519F /* VocaBridgeApp.swift in Sources */ = {isa = PBXBuildFile; fileRef = 6E1CC5812AA3CF1B0069519F /* VocaBridgeApp.swift */; };
		6E1CC5842AA3CF1B0069519F /* ContentView.swift in Sources */ = {isa = PBXBuildFile; fileRef = 6E1CC5832AA3CF1B0069519F /* ContentView.swift */; };
		6E1CC5862AA3CF210069519F /* Assets.xcassets in Resources */ = {isa = PBXBuildFile; fileRef = 6E1CC5852AA3CF210069519F /* Assets.xcassets */; };
		6E1CC5892AA3CF210069519F /* Preview Assets.xcassets in Resources */ = {isa = PBXBuildFile; fileRef = 6E1CC5882AA3CF210069519F /* Preview Assets.xcassets */; };
		6E1CC5942AA3E1160069519F /* MainSelectionView.swift in Sources */ = {isa = PBXBuildFile; fileRef = 6E1CC5932AA3E1160069519F /* MainSelectionView.swift */; };
		6E1CC5962AA3E1B00069519F /* IELTSSectionView.swift in Sources */ = {isa = PBXBuildFile; fileRef = 6E1CC5952AA3E1B00069519F /* IELTSSectionView.swift */; };
		6E1CC5982AA3E1BE0069519F /* MathSectionView.swift in Sources */ = {isa = PBXBuildFile; fileRef = 6E1CC5972AA3E1BE0069519F /* MathSectionView.swift */; };
/* End PBXBuildFile section */

/* Begin PBXFileReference section */
		6E1CC57E2AA3CF1B0069519F /* VocaBridge.app */ = {isa = PBXFileReference; explicitFileType = wrapper.application; includeInIndex = 0; path = VocaBridge.app; sourceTree = BUILT_PRODUCTS_DIR; };
		6E1CC5812AA3CF1B0069519F /* VocaBridgeApp.swift */ = {isa = PBXFileReference; lastKnownFileType = sourcecode.swift; path = VocaBridgeApp.swift; sourceTree = "<group>"; };
		6E1CC5832AA3CF1B0069519F /* ContentView.swift */ = {isa = PBXFileReference; lastKnownFileType = sourcecode.swift; path = ContentView.swift; sourceTree = "<group>"; };
		6E1CC5852AA3CF210069519F /* Assets.xcassets */ = {isa = PBXFileReference; lastKnownFileType = folder.assetcatalog; path = Assets.xcassets; sourceTree = "<group>"; };
		6E1CC5882AA3CF210069519F /* Preview Assets.xcassets */ = {isa = PBXFileReference; lastKnownFileType = folder.assetcatalog; path = "Preview Assets.xcassets"; sourceTree = "<group>"; };
		6E1CC5932AA3E1160069519F /* MainSelectionView.swift */ = {isa = PBXFileReference; lastKnownFileType = sourcecode.swift; path = MainSelectionView.swift; sourceTree = "<group>"; };
		6E1CC5952AA3E1B00069519F /* IELTSSectionView.swift */ = {isa = PBXFileReference; lastKnownFileType = sourcecode.swift; path = IELTSSectionView.swift; sourceTree = "<group>"; };
		6E1CC5972AA3E1BE0069519F /* MathSectionView.swift */ = {isa = PBXFileReference; lastKnownFileType = sourcecode.swift; path = MathSectionView.swift; sourceTree = "<group>"; };
/* End PBXFileReference section */

/* Begin PBXFrameworksBuildPhase section */
		6E1CC57B2AA3CF1B0069519F /* Frameworks */ = {
			isa = PBXFrameworksBuildPhase;
			buildActionMask = 2147483647;
			files = (
			);
			runOnlyForDeploymentPostprocessing = 0;
		};
/* End PBXFrameworksBuildPhase section */

/* Begin PBXGroup section */
		6E1CC5752AA3CF1B0069519F = {
			isa = PBXGroup;
			children = (
				6E1CC5802AA3CF1B0069519F /* VocaBridge */,
				6E1CC57F2AA3CF1B0069519F /* Products */,
			);
			sourceTree = "<group>";
		};
		6E1CC57F2AA3CF1B0069519F /* Products */ = {
			isa = PBXGroup;
			children = (
				6E1CC57E2AA3CF1B0069519F /* VocaBridge.app */,
			);
			name = Products;
			sourceTree = "<group>";
		};
		6E1CC5802AA3CF1B0069519F /* VocaBridge */ = {
			isa = PBXGroup;
			children = (
				6E1CC5812AA3CF1B0069519F /* VocaBridgeApp.swift */,
				6E1CC5832AA3CF1B0069519F /* ContentView.swift */,
				6E1CC5852AA3CF210069519F /* Assets.xcassets */,
				6E1CC5872AA3CF210069519F /* Preview Content */,
				6E1CC5932AA3E1160069519F /* MainSelectionView.swift */,
				6E1CC5952AA3E1B00069519F /* IELTSSectionView.swift */,
				6E1CC5972AA3E1BE0069519F /* MathSectionView.swift */,
			);
			path = VocaBridge;
			sourceTree = "<group>";
		};
		6E1CC5872AA3CF210069519F /* Preview Content */ = {
			isa = PBXGroup;
			children = (
				6E1CC5882AA3CF210069519F /* Preview Assets.xcassets */,
			);
			path = "Preview Content";
			sourceTree = "<group>";
		};
/* End PBXGroup section */

/* Begin PBXNativeTarget section */
		6E1CC57D2AA3CF1B0069519F /* VocaBridge */ = {
			isa = PBXNativeTarget;
			buildConfigurationList = 6E1CC58C2AA3CF210069519F /* Build configuration list for PBXNativeTarget "VocaBridge" */;
			buildPhases = (
				6E1CC57A2AA3CF1B0069519F /* Sources */,
				6E1CC57B2AA3CF1B0069519F /* Frameworks */,
				6E1CC57C2AA3CF1B0069519F /* Resources */,
			);
			buildRules = (
			);
			dependencies = (
			);
			name = VocaBridge;
			productName = VocaBridge;
			productReference = 6E1CC57E2AA3CF1B0069519F /* VocaBridge.app */;
			productType = "com.apple.product-type.application";
		};
/* End PBXNativeTarget section */

/* Begin PBXProject section */
		6E1CC5762AA3CF1B0069519F /* Project object */ = {
			isa = PBXProject;
			attributes = {
				BuildIndependentTargetsInParallel = 1;
				LastSwiftUpdateCheck = 1430;
				LastUpgradeCheck = 1430;
				TargetAttributes = {
					6E1CC57D2AA3CF1B0069519F = {
						CreatedOnToolsVersion = 14.3.1;
					};
				};
			};
			buildConfigurationList = 6E1CC5792AA3CF1B0069519F /* Build configuration list for PBXProject "VocaBridge" */;
			compatibilityVersion = "Xcode 14.0";
			developmentRegion = en;
			hasScannedForEncodings = 0;
			knownRegions = (
				en,
				Base,
			);
			mainGroup = 6E1CC5752AA3CF1B0069519F;
			productRefGroup = 6E1CC57F2AA3CF1B0069519F /* Products */;
			projectDirPath = "";
			projectRoot = "";
			targets = (
				6E1CC57D2AA3CF1B0069519F /* VocaBridge */,
			);
		};
/* End PBXProject section */

/* Begin PBXResourcesBuildPhase section */
		6E1CC57C2AA3CF1B0069519F /* Resources */ = {
			isa = PBXResourcesBuildPhase;
			buildActionMask = 2147483647;
			files = (
				6E1CC5892AA3CF210069519F /* Preview Assets.xcassets in Resources */,
				6E1CC5862AA3CF210069519F /* Assets.xcassets in Resources */,
			);
			runOnlyForDeploymentPostprocessing = 0;
		};
/* End PBXResourcesBuildPhase section */

/* Begin PBXSourcesBuildPhase section */
		6E1CC57A2AA3CF1B0069519F /* Sources */ = {
			isa = PBXSourcesBuildPhase;
			buildActionMask = 2147483647;
			files = (
				6E1CC5842AA3CF1B0069519F /* ContentView.swift in Sources */,
				6E1CC5982AA3E1BE0069519F /* MathSectionView.swift in Sources */,
				6E1CC5822AA3CF1B0069519F /* VocaBridgeApp.swift in Sources */,
				6E1CC5962AA3E1B00069519F /* IELTSSectionView.swift in Sources */,
				6E1CC5942AA3E1160069519F /* MainSelectionView.swift in Sources */,
			);
			runOnlyForDeploymentPostprocessing = 0;
		};
/* End PBXSourcesBuildPhase section */

/* Begin XCBuildConfiguration section */
		6E1CC58A2AA3CF210069519F /* Debug */ = {
			isa = XCBuildConfiguration;
			buildSettings = {
				ALWAYS_SEARCH_USER_PATHS = NO;
				CLANG_ANALYZER_NONNULL = YES;
				CLANG_ANALYZER_NUMBER_OBJECT_CONVERSION = YES_AGGRESSIVE;
				CLANG_CXX_LANGUAGE_STANDARD = "gnu++20";
				CLANG_ENABLE_MODULES = YES;
				CLANG_ENABLE_OBJC_ARC = YES;
				CLANG_ENABLE_OBJC_WEAK = YES;
				CLANG_WARN_BLOCK_CAPTURE_AUTORELEASING = YES;
				CLANG_WARN_BOOL_CONVERSION = YES;
				CLANG_WARN_COMMA = YES;
				CLANG_WARN_CONSTANT_CONVERSION = YES;
				CLANG_WARN_DEPRECATED_OBJC_IMPLEMENTATIONS = YES;
				CLANG_WARN_DIRECT_OBJC_ISA_USAGE = YES_ERROR;
				CLANG_WARN_DOCUMENTATION_COMMENTS = YES;
				CLANG_WARN_EMPTY_BODY = YES;
				CLANG_WARN_ENUM_CONVERSION = YES;
				CLANG_WARN_INFINITE_RECURSION = YES;
				CLANG_WARN_INT_CONVERSION = YES;
				CLANG_WARN_NON_LITERAL_NULL_CONVERSION = YES;
				CLANG_WARN_OBJC_IMPLICIT_RETAIN_SELF = YES;
				CLANG_WARN_OBJC_LITERAL_CONVERSION = YES;
				CLANG_WARN_OBJC_ROOT_CLASS = YES_ERROR;
				CLANG_WARN_QUOTED_INCLUDE_IN_FRAMEWORK_HEADER = YES;
				CLANG_WARN_RANGE_LOOP_ANALYSIS = YES;
				CLANG_WARN_STRICT_PROTOTYPES = YES;
				CLANG_WARN_SUSPICIOUS_MOVE = YES;
				CLANG_WARN_UNGUARDED_AVAILABILITY = YES_AGGRESSIVE;
				CLANG_WARN_UNREACHABLE_CODE = YES;
				CLANG_WARN__DUPLICATE_METHOD_MATCH = YES;
				COPY_PHASE_STRIP = NO;
				DEBUG_INFORMATION_FORMAT = dwarf;
				ENABLE_STRICT_OBJC_MSGSEND = YES;
				ENABLE_TESTABILITY = YES;
				GCC_C_LANGUAGE_STANDARD = gnu11;
				GCC_DYNAMIC_NO_PIC = NO;
				GCC_NO_COMMON_BLOCKS = YES;
				GCC_OPTIMIZATION_LEVEL = 0;
				GCC_PREPROCESSOR_DEFINITIONS = (
					"DEBUG=1",
					"$(inherited)",
				);
				GCC_WARN_64_TO_32_BIT_CONVERSION = YES;
				GCC_WARN_ABOUT_RETURN_TYPE = YES_ERROR;
				GCC_WARN_UNDECLARED_SELECTOR = YES;
				GCC_WARN_UNINITIALIZED_AUTOS = YES_AGGRESSIVE;
				GCC_WARN_UNUSED_FUNCTION = YES;
				GCC_WARN_UNUSED_VARIABLE = YES;
				IPHONEOS_DEPLOYMENT_TARGET = 16.4;
				MTL_ENABLE_DEBUG_INFO = INCLUDE_SOURCE;
				MTL_FAST_MATH = YES;
				ONLY_ACTIVE_ARCH = YES;
				SDKROOT = iphoneos;
				SWIFT_ACTIVE_COMPILATION_CONDITIONS = DEBUG;
				SWIFT_OPTIMIZATION_LEVEL = "-Onone";
			};
			name = Debug;
		};
		6E1CC58B2AA3CF210069519F /* Release */ = {
			isa = XCBuildConfiguration;
			buildSettings = {
				ALWAYS_SEARCH_USER_PATHS = NO;
				CLANG_ANALYZER_NONNULL = YES;
				CLANG_ANALYZER_NUMBER_OBJECT_CONVERSION = YES_AGGRESSIVE;
				CLANG_CXX_LANGUAGE_STANDARD = "gnu++20";
				CLANG_ENABLE_MODULES = YES;
				CLANG_ENABLE_OBJC_ARC = YES;
				CLANG_ENABLE_OBJC_WEAK = YES;
				CLANG_WARN_BLOCK_CAPTURE_AUTORELEASING = YES;
				CLANG_WARN_BOOL_CONVERSION = YES;
				CLANG_WARN_COMMA = YES;
				CLANG_WARN_CONSTANT_CONVERSION = YES;
				CLANG_WARN_DEPRECATED_OBJC_IMPLEMENTATIONS = YES;
				CLANG_WARN_DIRECT_OBJC_ISA_USAGE = YES_ERROR;
				CLANG_WARN_DOCUMENTATION_COMMENTS = YES;
				CLANG_WARN_EMPTY_BODY = YES;
				CLANG_WARN_ENUM_CONVERSION = YES;
				CLANG_WARN_INFINITE_RECURSION = YES;
				CLANG_WARN_INT_CONVERSION = YES;
				CLANG_WARN_NON_LITERAL_NULL_CONVERSION = YES;
				CLANG_WARN_OBJC_IMPLICIT_RETAIN_SELF = YES;
				CLANG_WARN_OBJC_LITERAL_CONVERSION = YES;
				CLANG_WARN_OBJC_ROOT_CLASS = YES_ERROR;
				CLANG_WARN_QUOTED_INCLUDE_IN_FRAMEWORK_HEADER = YES;
				CLANG_WARN_RANGE_LOOP_ANALYSIS = YES;
				CLANG_WARN_STRICT_PROTOTYPES = YES;
				CLANG_WARN_SUSPICIOUS_MOVE = YES;
				CLANG_WARN_UNGUARDED_AVAILABILITY = YES_AGGRESSIVE;
				CLANG_WARN_UNREACHABLE_CODE = YES;
				CLANG_WARN__DUPLICATE_METHOD_MATCH = YES;
				COPY_PHASE_STRIP = NO;
				DEBUG_INFORMATION_FORMAT = "dwarf-with-dsym";
				ENABLE_NS_ASSERTIONS = NO;
				ENABLE_STRICT_OBJC_MSGSEND = YES;
				GCC_C_LANGUAGE_STANDARD = gnu11;
				GCC_NO_COMMON_BLOCKS = YES;
				GCC_WARN_64_TO_32_BIT_CONVERSION = YES;
				GCC_WARN_ABOUT_RETURN_TYPE = YES_ERROR;
				GCC_WARN_UNDECLARED_SELECTOR = YES;
				GCC_WARN_UNINITIALIZED_AUTOS = YES_AGGRESSIVE;
				GCC_WARN_UNUSED_FUNCTION = YES;
				GCC_WARN_UNUSED_VARIABLE = YES;
				IPHONEOS_DEPLOYMENT_TARGET = 16.4;
				MTL_ENABLE_DEBUG_INFO = NO;
				MTL_FAST_MATH = YES;
				SDKROOT = iphoneos;
				SWIFT_COMPILATION_MODE = wholemodule;
				SWIFT_OPTIMIZATION_LEVEL = "-O";
				VALIDATE_PRODUCT = YES;
			};
			name = Release;
		};
		6E1CC58D2AA3CF210069519F /* Debug */ = {
			isa = XCBuildConfiguration;
			buildSettings = {
				ASSETCATALOG_COMPILER_APPICON_NAME = AppIcon;
				ASSETCATALOG_COMPILER_GLOBAL_ACCENT_COLOR_NAME = AccentColor;
				CODE_SIGN_STYLE = Automatic;
				CURRENT_PROJECT_VERSION = 1;
				DEVELOPMENT_ASSET_PATHS = "\"VocaBridge/Preview Content\"";
				DEVELOPMENT_TEAM = V55T83765N;
				ENABLE_PREVIEWS = YES;
				GENERATE_INFOPLIST_FILE = YES;
				INFOPLIST_KEY_UIApplicationSceneManifest_Generation = YES;
				INFOPLIST_KEY_UIApplicationSupportsIndirectInputEvents = YES;
				INFOPLIST_KEY_UILaunchScreen_Generation = YES;
				INFOPLIST_KEY_UISupportedInterfaceOrientations_iPad = "UIInterfaceOrientationPortrait UIInterfaceOrientationPortraitUpsideDown UIInterfaceOrientationLandscapeLeft UIInterfaceOrientationLandscapeRight";
				INFOPLIST_KEY_UISupportedInterfaceOrientations_iPhone = "UIInterfaceOrientationPortrait UIInterfaceOrientationLandscapeLeft UIInterfaceOrientationLandscapeRight";
				LD_RUNPATH_SEARCH_PATHS = (
					"$(inherited)",
					"@executable_path/Frameworks",
				);
				MARKETING_VERSION = 1.0;
				PRODUCT_BUNDLE_IDENTIFIER = com.sedatdalkiran.VocaBridge;
				PRODUCT_NAME = "$(TARGET_NAME)";
				SWIFT_EMIT_LOC_STRINGS = YES;
				SWIFT_VERSION = 5.0;
				TARGETED_DEVICE_FAMILY = "1,2";
			};
			name = Debug;
		};
		6E1CC58E2AA3CF210069519F /* Release */ = {
			isa = XCBuildConfiguration;
			buildSettings = {
				ASSETCATALOG_COMPILER_APPICON_NAME = AppIcon;
				ASSETCATALOG_COMPILER_GLOBAL_ACCENT_COLOR_NAME = AccentColor;
				CODE_SIGN_STYLE = Automatic;
				CURRENT_PROJECT_VERSION = 1;
				DEVELOPMENT_ASSET_PATHS = "\"VocaBridge/Preview Content\"";
				DEVELOPMENT_TEAM = V55T83765N;
				ENABLE_PREVIEWS = YES;
				GENERATE_INFOPLIST_FILE = YES;
				INFOPLIST_KEY_UIApplicationSceneManifest_Generation = YES;
				INFOPLIST_KEY_UIApplicationSupportsIndirectInputEvents = YES;
				INFOPLIST_KEY_UILaunchScreen_Generation = YES;
				INFOPLIST_KEY_UISupportedInterfaceOrientations_iPad = "UIInterfaceOrientationPortrait UIInterfaceOrientationPortraitUpsideDown UIInterfaceOrientationLandscapeLeft UIInterfaceOrientationLandscapeRight";
				INFOPLIST_KEY_UISupportedInterfaceOrientations_iPhone = "UIInterfaceOrientationPortrait UIInterfaceOrientationLandscapeLeft UIInterfaceOrientationLandscapeRight";
				LD_RUNPATH_SEARCH_PATHS = (
					"$(inherited)",
					"@executable_path/Frameworks",
				);
				MARKETING_VERSION = 1.0;
				PRODUCT_BUNDLE_IDENTIFIER = com.sedatdalkiran.VocaBridge;
				PRODUCT_NAME = "$(TARGET_NAME)";
				SWIFT_EMIT_LOC_STRINGS = YES;
				SWIFT_VERSION = 5.0;
				TARGETED_DEVICE_FAMILY = "1,2";
			};
			name = Release;
		};
/* End XCBuildConfiguration section */

/* Begin XCConfigurationList section */
		6E1CC5792AA3CF1B0069519F /* Build configuration list for PBXProject "VocaBridge" */ = {
			isa = XCConfigurationList;
			buildConfigurations = (
				6E1CC58A2AA3CF210069519F /* Debug */,
				6E1CC58B2AA3CF210069519F /* Release */,
			);
			defaultConfigurationIsVisible = 0;
			defaultConfigurationName = Release;
		};
		6E1CC58C2AA3CF210069519F /* Build configuration list for PBXNativeTarget "VocaBridge" */ = {
			isa = XCConfigurationList;
			buildConfigurations = (
				6E1CC58D2AA3CF210069519F /* Debug */,
				6E1CC58E2AA3CF210069519F /* Release */,
			);
			defaultConfigurationIsVisible = 0;
			defaultConfigurationName = Release;
		};
/* End XCConfigurationList section */
	};
	rootObject = 6E1CC5762AA3CF1B0069519F /* Project object */;
}
